
Microsoft Visual Studio Solution File, Format Version 12.00
# Visual Studio Version 17
VisualStudioVersion = 17.1.32328.378
MinimumVisualStudioVersion = 10.0.40219.1
Project("{FAE04EC0-301F-11D3-BF4B-00C04F79EFBC}") = "crudoperation", "crudoperation.csproj", "{6BB78640-7CF2-424F-A47D-00C04BAF7335}"
EndProject
Global
	GlobalSection(SolutionConfigurationPlatforms) = preSolution
		Debug|Any CPU = Debug|Any CPU
		Release|Any CPU = Release|Any CPU
	EndGlobalSection
	GlobalSection(ProjectConfigurationPlatforms) = postSolution
		{6BB78640-7CF2-424F-A47D-00C04BAF7335}.Debug|Any CPU.ActiveCfg = Debug|Any CPU
		{6BB78640-7CF2-424F-A47D-00C04BAF7335}.Debug|Any CPU.Build.0 = Debug|Any CPU
		{6BB78640-7CF2-424F-A47D-00C04BAF7335}.Release|Any CPU.ActiveCfg = Release|Any CPU
		{6BB78640-7CF2-424F-A47D-00C04BAF7335}.Release|Any CPU.Build.0 = Release|Any CPU
	EndGlobalSection
	GlobalSection(SolutionProperties) = preSolution
		HideSolutionNode = FALSE
	EndGlobalSection
	GlobalSection(ExtensibilityGlobals) = postSolution
		SolutionGuid = {74DAF958-9DDE-486A-AA80-7E40F48D13EF}
	EndGlobalSection
EndGlobal
